
Microsoft Visual Studio Solution File, Format Version 12.00
# Visual Studio Version 16
VisualStudioVersion = 16.0.30225.117
MinimumVisualStudioVersion = 10.0.40219.1
Project("{9A19103F-16F7-4668-BE54-9A1E7A4F7556}") = "SkyWallet", "SkyWallet\SkyWallet.csproj", "{0B59C4A7-39C5-4153-B730-9F9788FF1BE1}"
EndProject
Project("{9A19103F-16F7-4668-BE54-9A1E7A4F7556}") = "SkyWallet.Dal", "SkyWallet.Dal\SkyWallet.Dal.csproj", "{15E38603-C3D6-437C-9D1A-1507D5E8D40A}"
EndProject
Project("{9A19103F-16F7-4668-BE54-9A1E7A4F7556}") = "SkyWallet.Application", "SkyWallet.Application\SkyWallet.Application.csproj", "{9704600D-D6EC-40E0-826C-612D46FC1395}"
EndProject
Project("{FAE04EC0-301F-11D3-BF4B-00C04F79EFBC}") = "SkyWallet.Shared", "SkyWallet.Shared\SkyWallet.Shared.csproj", "{B8E2CC6E-EC8F-4124-8A63-1E76F0368015}"
EndProject
Global
	GlobalSection(SolutionConfigurationPlatforms) = preSolution
		Debug|Any CPU = Debug|Any CPU
		Release|Any CPU = Release|Any CPU
	EndGlobalSection
	GlobalSection(ProjectConfigurationPlatforms) = postSolution
		{0B59C4A7-39C5-4153-B730-9F9788FF1BE1}.Debug|Any CPU.ActiveCfg = Debug|Any CPU
		{0B59C4A7-39C5-4153-B730-9F9788FF1BE1}.Debug|Any CPU.Build.0 = Debug|Any CPU
		{0B59C4A7-39C5-4153-B730-9F9788FF1BE1}.Release|Any CPU.ActiveCfg = Release|Any CPU
		{0B59C4A7-39C5-4153-B730-9F9788FF1BE1}.Release|Any CPU.Build.0 = Release|Any CPU
		{15E38603-C3D6-437C-9D1A-1507D5E8D40A}.Debug|Any CPU.ActiveCfg = Debug|Any CPU
		{15E38603-C3D6-437C-9D1A-1507D5E8D40A}.Debug|Any CPU.Build.0 = Debug|Any CPU
		{15E38603-C3D6-437C-9D1A-1507D5E8D40A}.Release|Any CPU.ActiveCfg = Release|Any CPU
		{15E38603-C3D6-437C-9D1A-1507D5E8D40A}.Release|Any CPU.Build.0 = Release|Any CPU
		{9704600D-D6EC-40E0-826C-612D46FC1395}.Debug|Any CPU.ActiveCfg = Debug|Any CPU
		{9704600D-D6EC-40E0-826C-612D46FC1395}.Debug|Any CPU.Build.0 = Debug|Any CPU
		{9704600D-D6EC-40E0-826C-612D46FC1395}.Release|Any CPU.ActiveCfg = Release|Any CPU
		{9704600D-D6EC-40E0-826C-612D46FC1395}.Release|Any CPU.Build.0 = Release|Any CPU
		{B8E2CC6E-EC8F-4124-8A63-1E76F0368015}.Debug|Any CPU.ActiveCfg = Debug|Any CPU
		{B8E2CC6E-EC8F-4124-8A63-1E76F0368015}.Debug|Any CPU.Build.0 = Debug|Any CPU
		{B8E2CC6E-EC8F-4124-8A63-1E76F0368015}.Release|Any CPU.ActiveCfg = Release|Any CPU
		{B8E2CC6E-EC8F-4124-8A63-1E76F0368015}.Release|Any CPU.Build.0 = Release|Any CPU
	EndGlobalSection
	GlobalSection(SolutionProperties) = preSolution
		HideSolutionNode = FALSE
	EndGlobalSection
	GlobalSection(ExtensibilityGlobals) = postSolution
		SolutionGuid = {3A0C064F-B6BF-4AB5-9AE4-A943856C7CB7}
	EndGlobalSection
EndGlobal
